
Microsoft Visual Studio Solution File, Format Version 10.00
# Visual C++ Express 2008
Project("{8BC9CEB8-8B4A-11D0-8D11-00A0C91BC942}") = "libbfio_dll", "libbfio_dll\libbfio_dll.vcproj", "{B5225323-AC67-411D-8FBA-199E9467FAB5}"
	ProjectSection(ProjectDependencies) = postProject
		{BC27FF34-C859-4A1A-95D6-FC89952E1910} = {BC27FF34-C859-4A1A-95D6-FC89952E1910}
		{20FFC4C9-F44C-45F6-A827-4819B4DF3C9F} = {20FFC4C9-F44C-45F6-A827-4819B4DF3C9F}
		{BD3A95FA-A3DE-4B79-A889-A7E5ECA4B69C} = {BD3A95FA-A3DE-4B79-A889-A7E5ECA4B69C}
	EndProjectSection
EndProject
Project("{8BC9CEB8-8B4A-11D0-8D11-00A0C91BC942}") = "libuna", "libuna\libuna.vcproj", "{BC27FF34-C859-4A1A-95D6-FC89952E1910}"
	ProjectSection(ProjectDependencies) = postProject
		{BD3A95FA-A3DE-4B79-A889-A7E5ECA4B69C} = {BD3A95FA-A3DE-4B79-A889-A7E5ECA4B69C}
	EndProjectSection
EndProject
Project("{8BC9CEB8-8B4A-11D0-8D11-00A0C91BC942}") = "liberror", "liberror\liberror.vcproj", "{BD3A95FA-A3DE-4B79-A889-A7E5ECA4B69C}"
	ProjectSection(ProjectDependencies) = postProject
		{20FFC4C9-F44C-45F6-A827-4819B4DF3C9F} = {20FFC4C9-F44C-45F6-A827-4819B4DF3C9F}
	EndProjectSection
EndProject
Project("{8BC9CEB8-8B4A-11D0-8D11-00A0C91BC942}") = "libcstring", "libcstring\libcstring.vcproj", "{20FFC4C9-F44C-45F6-A827-4819B4DF3C9F}"
EndProject
Global
	GlobalSection(SolutionConfigurationPlatforms) = preSolution
		Release|Win32 = Release|Win32
	EndGlobalSection
	GlobalSection(ProjectConfigurationPlatforms) = postSolution
		{B5225323-AC67-411D-8FBA-199E9467FAB5}.Release|Win32.ActiveCfg = Release|Win32
		{B5225323-AC67-411D-8FBA-199E9467FAB5}.Release|Win32.Build.0 = Release|Win32
		{BC27FF34-C859-4A1A-95D6-FC89952E1910}.Release|Win32.ActiveCfg = Release|Win32
		{BC27FF34-C859-4A1A-95D6-FC89952E1910}.Release|Win32.Build.0 = Release|Win32
		{BD3A95FA-A3DE-4B79-A889-A7E5ECA4B69C}.Release|Win32.ActiveCfg = Release|Win32
		{BD3A95FA-A3DE-4B79-A889-A7E5ECA4B69C}.Release|Win32.Build.0 = Release|Win32
		{20FFC4C9-F44C-45F6-A827-4819B4DF3C9F}.Release|Win32.ActiveCfg = Release|Win32
		{20FFC4C9-F44C-45F6-A827-4819B4DF3C9F}.Release|Win32.Build.0 = Release|Win32
	EndGlobalSection
	GlobalSection(SolutionProperties) = preSolution
		HideSolutionNode = FALSE
	EndGlobalSection
EndGlobal
